// !$*UTF8*$!
{
	archiveVersion = 1;
	classes = {
	};
	objectVersion = 46;
	objects = {

/* Begin PBXBuildFile section */
		AC9169DE1D543A0500B37B55 /* main.m in Sources */ = {isa = PBXBuildFile; fileRef = AC9169DD1D543A0500B37B55 /* main.m */; };
		AC9169E11D543A0500B37B55 /* AppDelegate.m in Sources */ = {isa = PBXBuildFile; fileRef = AC9169E01D543A0500B37B55 /* AppDelegate.m */; };
		AC9169E41D543A0500B37B55 /* ViewController.m in Sources */ = {isa = PBXBuildFile; fileRef = AC9169E31D543A0500B37B55 /* ViewController.m */; };
		AC9169E71D543A0500B37B55 /* Main.storyboard in Resources */ = {isa = PBXBuildFile; fileRef = AC9169E51D543A0500B37B55 /* Main.storyboard */; };
		AC9169E91D543A0500B37B55 /* Assets.xcassets in Resources */ = {isa = PBXBuildFile; fileRef = AC9169E81D543A0500B37B55 /* Assets.xcassets */; };
		AC9169EC1D543A0500B37B55 /* LaunchScreen.storyboard in Resources */ = {isa = PBXBuildFile; fileRef = AC9169EA1D543A0500B37B55 /* LaunchScreen.storyboard */; };
		AC916A031D546DE200B37B55 /* default_head_icon.png in Resources */ = {isa = PBXBuildFile; fileRef = AC916A021D546DE200B37B55 /* default_head_icon.png */; };
		AC916A111D546FE900B37B55 /* DemoViewController2.m in Sources */ = {isa = PBXBuildFile; fileRef = AC916A071D546FE900B37B55 /* DemoViewController2.m */; };
		AC916A121D546FE900B37B55 /* DemoModel.m in Sources */ = {isa = PBXBuildFile; fileRef = AC916A0A1D546FE900B37B55 /* DemoModel.m */; };
		AC916A131D546FE900B37B55 /* DemoCell.m in Sources */ = {isa = PBXBuildFile; fileRef = AC916A0D1D546FE900B37B55 /* DemoCell.m */; };
		AC916A141D546FE900B37B55 /* DemoCell.xib in Resources */ = {isa = PBXBuildFile; fileRef = AC916A0E1D546FE900B37B55 /* DemoCell.xib */; };
		AC916A151D546FE900B37B55 /* HKPLabel.m in Sources */ = {isa = PBXBuildFile; fileRef = AC916A101D546FE900B37B55 /* HKPLabel.m */; };
/* End PBXBuildFile section */

/* Begin PBXFileReference section */
		AC9169D91D543A0500B37B55 /* UIMenuController.app */ = {isa = PBXFileReference; explicitFileType = wrapper.application; includeInIndex = 0; path = UIMenuController.app; sourceTree = BUILT_PRODUCTS_DIR; };
		AC9169DD1D543A0500B37B55 /* main.m */ = {isa = PBXFileReference; lastKnownFileType = sourcecode.c.objc; path = main.m; sourceTree = "<group>"; };
		AC9169DF1D543A0500B37B55 /* AppDelegate.h */ = {isa = PBXFileReference; lastKnownFileType = sourcecode.c.h; path = AppDelegate.h; sourceTree = "<group>"; };
		AC9169E01D543A0500B37B55 /* AppDelegate.m */ = {isa = PBXFileReference; lastKnownFileType = sourcecode.c.objc; path = AppDelegate.m; sourceTree = "<group>"; };
		AC9169E21D543A0500B37B55 /* ViewController.h */ = {isa = PBXFileReference; lastKnownFileType = sourcecode.c.h; path = ViewController.h; sourceTree = "<group>"; };
		AC9169E31D543A0500B37B55 /* ViewController.m */ = {isa = PBXFileReference; lastKnownFileType = sourcecode.c.objc; path = ViewController.m; sourceTree = "<group>"; };
		AC9169E61D543A0500B37B55 /* Base */ = {isa = PBXFileReference; lastKnownFileType = file.storyboard; name = Base; path = Base.lproj/Main.storyboard; sourceTree = "<group>"; };
		AC9169E81D543A0500B37B55 /* Assets.xcassets */ = {isa = PBXFileReference; lastKnownFileType = folder.assetcatalog; path = Assets.xcassets; sourceTree = "<group>"; };
		AC9169EB1D543A0500B37B55 /* Base */ = {isa = PBXFileReference; lastKnownFileType = file.storyboard; name = Base; path = Base.lproj/LaunchScreen.storyboard; sourceTree = "<group>"; };
		AC9169ED1D543A0500B37B55 /* Info.plist */ = {isa = PBXFileReference; lastKnownFileType = text.plist.xml; path = Info.plist; sourceTree = "<group>"; };
		AC916A021D546DE200B37B55 /* default_head_icon.png */ = {isa = PBXFileReference; lastKnownFileType = image.png; path = default_head_icon.png; sourceTree = "<group>"; };
		AC916A061D546FE900B37B55 /* DemoViewController2.h */ = {isa = PBXFileReference; fileEncoding = 4; lastKnownFileType = sourcecode.c.h; path = DemoViewController2.h; sourceTree = "<group>"; };
		AC916A071D546FE900B37B55 /* DemoViewController2.m */ = {isa = PBXFileReference; fileEncoding = 4; lastKnownFileType = sourcecode.c.objc; path = DemoViewController2.m; sourceTree = "<group>"; };
		AC916A091D546FE900B37B55 /* DemoModel.h */ = {isa = PBXFileReference; fileEncoding = 4; lastKnownFileType = sourcecode.c.h; path = DemoModel.h; sourceTree = "<group>"; };
		AC916A0A1D546FE900B37B55 /* DemoModel.m */ = {isa = PBXFileReference; fileEncoding = 4; lastKnownFileType = sourcecode.c.objc; path = DemoModel.m; sourceTree = "<group>"; };
		AC916A0C1D546FE900B37B55 /* DemoCell.h */ = {isa = PBXFileReference; fileEncoding = 4; lastKnownFileType = sourcecode.c.h; path = DemoCell.h; sourceTree = "<group>"; };
		AC916A0D1D546FE900B37B55 /* DemoCell.m */ = {isa = PBXFileReference; fileEncoding = 4; lastKnownFileType = sourcecode.c.objc; path = DemoCell.m; sourceTree = "<group>"; };
		AC916A0E1D546FE900B37B55 /* DemoCell.xib */ = {isa = PBXFileReference; fileEncoding = 4; lastKnownFileType = file.xib; path = DemoCell.xib; sourceTree = "<group>"; };
		AC916A0F1D546FE900B37B55 /* HKPLabel.h */ = {isa = PBXFileReference; fileEncoding = 4; lastKnownFileType = sourcecode.c.h; path = HKPLabel.h; sourceTree = "<group>"; };
		AC916A101D546FE900B37B55 /* HKPLabel.m */ = {isa = PBXFileReference; fileEncoding = 4; lastKnownFileType = sourcecode.c.objc; path = HKPLabel.m; sourceTree = "<group>"; };
/* End PBXFileReference section */

/* Begin PBXFrameworksBuildPhase section */
		AC9169D61D543A0500B37B55 /* Frameworks */ = {
			isa = PBXFrameworksBuildPhase;
			buildActionMask = 2147483647;
			files = (
			);
			runOnlyForDeploymentPostprocessing = 0;
		};
/* End PBXFrameworksBuildPhase section */

/* Begin PBXGroup section */
		AC9169D01D543A0500B37B55 = {
			isa = PBXGroup;
			children = (
				AC9169DB1D543A0500B37B55 /* UIMenuController */,
				AC9169DA1D543A0500B37B55 /* Products */,
			);
			sourceTree = "<group>";
		};
		AC9169DA1D543A0500B37B55 /* Products */ = {
			isa = PBXGroup;
			children = (
				AC9169D91D543A0500B37B55 /* UIMenuController.app */,
			);
			name = Products;
			sourceTree = "<group>";
		};
		AC9169DB1D543A0500B37B55 /* UIMenuController */ = {
			isa = PBXGroup;
			children = (
				AC9169DF1D543A0500B37B55 /* AppDelegate.h */,
				AC9169E01D543A0500B37B55 /* AppDelegate.m */,
				AC9169E21D543A0500B37B55 /* ViewController.h */,
				AC9169E31D543A0500B37B55 /* ViewController.m */,
				AC916A041D546FE900B37B55 /* Demo2 */,
				AC916A011D546DE200B37B55 /* resource */,
				AC9169E81D543A0500B37B55 /* Assets.xcassets */,
				AC9169E51D543A0500B37B55 /* Main.storyboard */,
				AC9169EA1D543A0500B37B55 /* LaunchScreen.storyboard */,
				AC9169ED1D543A0500B37B55 /* Info.plist */,
				AC9169DC1D543A0500B37B55 /* Supporting Files */,
			);
			path = UIMenuController;
			sourceTree = "<group>";
		};
		AC9169DC1D543A0500B37B55 /* Supporting Files */ = {
			isa = PBXGroup;
			children = (
				AC9169DD1D543A0500B37B55 /* main.m */,
			);
			name = "Supporting Files";
			sourceTree = "<group>";
		};
		AC916A011D546DE200B37B55 /* resource */ = {
			isa = PBXGroup;
			children = (
				AC916A021D546DE200B37B55 /* default_head_icon.png */,
			);
			path = resource;
			sourceTree = "<group>";
		};
		AC916A041D546FE900B37B55 /* Demo2 */ = {
			isa = PBXGroup;
			children = (
				AC916A051D546FE900B37B55 /* Controller */,
				AC916A081D546FE900B37B55 /* Model */,
				AC916A0B1D546FE900B37B55 /* View */,
			);
			path = Demo2;
			sourceTree = "<group>";
		};
		AC916A051D546FE900B37B55 /* Controller */ = {
			isa = PBXGroup;
			children = (
				AC916A061D546FE900B37B55 /* DemoViewController2.h */,
				AC916A071D546FE900B37B55 /* DemoViewController2.m */,
			);
			path = Controller;
			sourceTree = "<group>";
		};
		AC916A081D546FE900B37B55 /* Model */ = {
			isa = PBXGroup;
			children = (
				AC916A091D546FE900B37B55 /* DemoModel.h */,
				AC916A0A1D546FE900B37B55 /* DemoModel.m */,
			);
			path = Model;
			sourceTree = "<group>";
		};
		AC916A0B1D546FE900B37B55 /* View */ = {
			isa = PBXGroup;
			children = (
				AC916A0C1D546FE900B37B55 /* DemoCell.h */,
				AC916A0D1D546FE900B37B55 /* DemoCell.m */,
				AC916A0E1D546FE900B37B55 /* DemoCell.xib */,
				AC916A0F1D546FE900B37B55 /* HKPLabel.h */,
				AC916A101D546FE900B37B55 /* HKPLabel.m */,
			);
			path = View;
			sourceTree = "<group>";
		};
/* End PBXGroup section */

/* Begin PBXNativeTarget section */
		AC9169D81D543A0500B37B55 /* UIMenuController */ = {
			isa = PBXNativeTarget;
			buildConfigurationList = AC9169F01D543A0500B37B55 /* Build configuration list for PBXNativeTarget "UIMenuController" */;
			buildPhases = (
				AC9169D51D543A0500B37B55 /* Sources */,
				AC9169D61D543A0500B37B55 /* Frameworks */,
				AC9169D71D543A0500B37B55 /* Resources */,
			);
			buildRules = (
			);
			dependencies = (
			);
			name = UIMenuController;
			productName = UIMenuController;
			productReference = AC9169D91D543A0500B37B55 /* UIMenuController.app */;
			productType = "com.apple.product-type.application";
		};
/* End PBXNativeTarget section */

/* Begin PBXProject section */
		AC9169D11D543A0500B37B55 /* Project object */ = {
			isa = PBXProject;
			attributes = {
				LastUpgradeCheck = 0730;
				ORGANIZATIONNAME = YHSoft;
				TargetAttributes = {
					AC9169D81D543A0500B37B55 = {
						CreatedOnToolsVersion = 7.3;
					};
				};
			};
			buildConfigurationList = AC9169D41D543A0500B37B55 /* Build configuration list for PBXProject "UIMenuController" */;
			compatibilityVersion = "Xcode 3.2";
			developmentRegion = English;
			hasScannedForEncodings = 0;
			knownRegions = (
				en,
				Base,
			);
			mainGroup = AC9169D01D543A0500B37B55;
			productRefGroup = AC9169DA1D543A0500B37B55 /* Products */;
			projectDirPath = "";
			projectRoot = "";
			targets = (
				AC9169D81D543A0500B37B55 /* UIMenuController */,
			);
		};
/* End PBXProject section */

/* Begin PBXResourcesBuildPhase section */
		AC9169D71D543A0500B37B55 /* Resources */ = {
			isa = PBXResourcesBuildPhase;
			buildActionMask = 2147483647;
			files = (
				AC916A141D546FE900B37B55 /* DemoCell.xib in Resources */,
				AC9169EC1D543A0500B37B55 /* LaunchScreen.storyboard in Resources */,
				AC9169E91D543A0500B37B55 /* Assets.xcassets in Resources */,
				AC916A031D546DE200B37B55 /* default_head_icon.png in Resources */,
				AC9169E71D543A0500B37B55 /* Main.storyboard in Resources */,
			);
			runOnlyForDeploymentPostprocessing = 0;
		};
/* End PBXResourcesBuildPhase section */

/* Begin PBXSourcesBuildPhase section */
		AC9169D51D543A0500B37B55 /* Sources */ = {
			isa = PBXSourcesBuildPhase;
			buildActionMask = 2147483647;
			files = (
				AC9169E41D543A0500B37B55 /* ViewController.m in Sources */,
				AC916A151D546FE900B37B55 /* HKPLabel.m in Sources */,
				AC9169E11D543A0500B37B55 /* AppDelegate.m in Sources */,
				AC916A111D546FE900B37B55 /* DemoViewController2.m in Sources */,
				AC916A121D546FE900B37B55 /* DemoModel.m in Sources */,
				AC916A131D546FE900B37B55 /* DemoCell.m in Sources */,
				AC9169DE1D543A0500B37B55 /* main.m in Sources */,
			);
			runOnlyForDeploymentPostprocessing = 0;
		};
/* End PBXSourcesBuildPhase section */

/* Begin PBXVariantGroup section */
		AC9169E51D543A0500B37B55 /* Main.storyboard */ = {
			isa = PBXVariantGroup;
			children = (
				AC9169E61D543A0500B37B55 /* Base */,
			);
			name = Main.storyboard;
			sourceTree = "<group>";
		};
		AC9169EA1D543A0500B37B55 /* LaunchScreen.storyboard */ = {
			isa = PBXVariantGroup;
			children = (
				AC9169EB1D543A0500B37B55 /* Base */,
			);
			name = LaunchScreen.storyboard;
			sourceTree = "<group>";
		};
/* End PBXVariantGroup section */

/* Begin XCBuildConfiguration section */
		AC9169EE1D543A0500B37B55 /* Debug */ = {
			isa = XCBuildConfiguration;
			buildSettings = {
				ALWAYS_SEARCH_USER_PATHS = NO;
				CLANG_ANALYZER_NONNULL = YES;
				CLANG_CXX_LANGUAGE_STANDARD = "gnu++0x";
				CLANG_CXX_LIBRARY = "libc++";
				CLANG_ENABLE_MODULES = YES;
				CLANG_ENABLE_OBJC_ARC = YES;
				CLANG_WARN_BOOL_CONVERSION = YES;
				CLANG_WARN_CONSTANT_CONVERSION = YES;
				CLANG_WARN_DIRECT_OBJC_ISA_USAGE = YES_ERROR;
				CLANG_WARN_EMPTY_BODY = YES;
				CLANG_WARN_ENUM_CONVERSION = YES;
				CLANG_WARN_INT_CONVERSION = YES;
				CLANG_WARN_OBJC_ROOT_CLASS = YES_ERROR;
				CLANG_WARN_UNREACHABLE_CODE = YES;
				CLANG_WARN__DUPLICATE_METHOD_MATCH = YES;
				"CODE_SIGN_IDENTITY[sdk=iphoneos*]" = "iPhone Developer";
				COPY_PHASE_STRIP = NO;
				DEBUG_INFORMATION_FORMAT = dwarf;
				ENABLE_STRICT_OBJC_MSGSEND = YES;
				ENABLE_TESTABILITY = YES;
				GCC_C_LANGUAGE_STANDARD = gnu99;
				GCC_DYNAMIC_NO_PIC = NO;
				GCC_NO_COMMON_BLOCKS = YES;
				GCC_OPTIMIZATION_LEVEL = 0;
				GCC_PREPROCESSOR_DEFINITIONS = (
					"DEBUG=1",
					"$(inherited)",
				);
				GCC_WARN_64_TO_32_BIT_CONVERSION = YES;
				GCC_WARN_ABOUT_RETURN_TYPE = YES_ERROR;
				GCC_WARN_UNDECLARED_SELECTOR = YES;
				GCC_WARN_UNINITIALIZED_AUTOS = YES_AGGRESSIVE;
				GCC_WARN_UNUSED_FUNCTION = YES;
				GCC_WARN_UNUSED_VARIABLE = YES;
				IPHONEOS_DEPLOYMENT_TARGET = 9.3;
				MTL_ENABLE_DEBUG_INFO = YES;
				ONLY_ACTIVE_ARCH = YES;
				SDKROOT = iphoneos;
				TARGETED_DEVICE_FAMILY = "1,2";
			};
			name = Debug;
		};
		AC9169EF1D543A0500B37B55 /* Release */ = {
			isa = XCBuildConfiguration;
			buildSettings = {
				ALWAYS_SEARCH_USER_PATHS = NO;
				CLANG_ANALYZER_NONNULL = YES;
				CLANG_CXX_LANGUAGE_STANDARD = "gnu++0x";
				CLANG_CXX_LIBRARY = "libc++";
				CLANG_ENABLE_MODULES = YES;
				CLANG_ENABLE_OBJC_ARC = YES;
				CLANG_WARN_BOOL_CONVERSION = YES;
				CLANG_WARN_CONSTANT_CONVERSION = YES;
				CLANG_WARN_DIRECT_OBJC_ISA_USAGE = YES_ERROR;
				CLANG_WARN_EMPTY_BODY = YES;
				CLANG_WARN_ENUM_CONVERSION = YES;
				CLANG_WARN_INT_CONVERSION = YES;
				CLANG_WARN_OBJC_ROOT_CLASS = YES_ERROR;
				CLANG_WARN_UNREACHABLE_CODE = YES;
				CLANG_WARN__DUPLICATE_METHOD_MATCH = YES;
				"CODE_SIGN_IDENTITY[sdk=iphoneos*]" = "iPhone Developer";
				COPY_PHASE_STRIP = NO;
				DEBUG_INFORMATION_FORMAT = "dwarf-with-dsym";
				ENABLE_NS_ASSERTIONS = NO;
				ENABLE_STRICT_OBJC_MSGSEND = YES;
				GCC_C_LANGUAGE_STANDARD = gnu99;
				GCC_NO_COMMON_BLOCKS = YES;
				GCC_WARN_64_TO_32_BIT_CONVERSION = YES;
				GCC_WARN_ABOUT_RETURN_TYPE = YES_ERROR;
				GCC_WARN_UNDECLARED_SELECTOR = YES;
				GCC_WARN_UNINITIALIZED_AUTOS = YES_AGGRESSIVE;
				GCC_WARN_UNUSED_FUNCTION = YES;
				GCC_WARN_UNUSED_VARIABLE = YES;
				IPHONEOS_DEPLOYMENT_TARGET = 9.3;
				MTL_ENABLE_DEBUG_INFO = NO;
				SDKROOT = iphoneos;
				TARGETED_DEVICE_FAMILY = "1,2";
				VALIDATE_PRODUCT = YES;
			};
			name = Release;
		};
		AC9169F11D543A0500B37B55 /* Debug */ = {
			isa = XCBuildConfiguration;
			buildSettings = {
				ASSETCATALOG_COMPILER_APPICON_NAME = AppIcon;
				INFOPLIST_FILE = UIMenuController/Info.plist;
				LD_RUNPATH_SEARCH_PATHS = "$(inherited) @executable_path/Frameworks";
				PRODUCT_BUNDLE_IDENTIFIER = yhsoft.UIMenuController;
				PRODUCT_NAME = "$(TARGET_NAME)";
			};
			name = Debug;
		};
		AC9169F21D543A0500B37B55 /* Release */ = {
			isa = XCBuildConfiguration;
			buildSettings = {
				ASSETCATALOG_COMPILER_APPICON_NAME = AppIcon;
				INFOPLIST_FILE = UIMenuController/Info.plist;
				LD_RUNPATH_SEARCH_PATHS = "$(inherited) @executable_path/Frameworks";
				PRODUCT_BUNDLE_IDENTIFIER = yhsoft.UIMenuController;
				PRODUCT_NAME = "$(TARGET_NAME)";
			};
			name = Release;
		};
/* End XCBuildConfiguration section */

/* Begin XCConfigurationList section */
		AC9169D41D543A0500B37B55 /* Build configuration list for PBXProject "UIMenuController" */ = {
			isa = XCConfigurationList;
			buildConfigurations = (
				AC9169EE1D543A0500B37B55 /* Debug */,
				AC9169EF1D543A0500B37B55 /* Release */,
			);
			defaultConfigurationIsVisible = 0;
			defaultConfigurationName = Release;
		};
		AC9169F01D543A0500B37B55 /* Build configuration list for PBXNativeTarget "UIMenuController" */ = {
			isa = XCConfigurationList;
			buildConfigurations = (
				AC9169F11D543A0500B37B55 /* Debug */,
				AC9169F21D543A0500B37B55 /* Release */,
			);
			defaultConfigurationIsVisible = 0;
			defaultConfigurationName = Release;
		};
/* End XCConfigurationList section */
	};
	rootObject = AC9169D11D543A0500B37B55 /* Project object */;
}
